// !$*UTF8*$!
{
	archiveVersion = 1;
	classes = {
	};
	objectVersion = 56;
	objects = {

/* Begin PBXBuildFile section */
		109502FD2A9D6CE90035403F /* Bundle + ext.swift in Sources */ = {isa = PBXBuildFile; fileRef = 109502FC2A9D6CE90035403F /* Bundle + ext.swift */; };
		10AD2C292AA2944400ECB79B /* PhotoPicker.swift in Sources */ = {isa = PBXBuildFile; fileRef = 10AD2C282AA2944400ECB79B /* PhotoPicker.swift */; };
		10DD753D2AA5124A000CBBA2 /* URLComponents.swift in Sources */ = {isa = PBXBuildFile; fileRef = 10DD753C2AA5124A000CBBA2 /* URLComponents.swift */; };
		10E624002A9B9427005BD5DA /* FunnyYummyApp.swift in Sources */ = {isa = PBXBuildFile; fileRef = 10E623FF2A9B9427005BD5DA /* FunnyYummyApp.swift */; };
		10E624022A9B9427005BD5DA /* ContentView.swift in Sources */ = {isa = PBXBuildFile; fileRef = 10E624012A9B9427005BD5DA /* ContentView.swift */; };
		10E624042A9B9428005BD5DA /* Assets.xcassets in Resources */ = {isa = PBXBuildFile; fileRef = 10E624032A9B9428005BD5DA /* Assets.xcassets */; };
		10E624072A9B9428005BD5DA /* Preview Assets.xcassets in Resources */ = {isa = PBXBuildFile; fileRef = 10E624062A9B9428005BD5DA /* Preview Assets.xcassets */; };
		10E6240F2A9B94F4005BD5DA /* .gitignore in Resources */ = {isa = PBXBuildFile; fileRef = 10E6240E2A9B94F4005BD5DA /* .gitignore */; };
		2D26A0AF2A9CC4F1009A04F7 /* Color + ext.swift in Sources */ = {isa = PBXBuildFile; fileRef = 2D26A0AE2A9CC4F1009A04F7 /* Color + ext.swift */; };
		2D26A0CD2A9D05D0009A04F7 /* CategoryView.swift in Sources */ = {isa = PBXBuildFile; fileRef = 2D26A0CC2A9D05D0009A04F7 /* CategoryView.swift */; };
		3C0BA8BF2AA23E3300B205DA /* OnboardingPage.swift in Sources */ = {isa = PBXBuildFile; fileRef = 3C0BA8B42AA23E3300B205DA /* OnboardingPage.swift */; };
		3C0BA8C02AA23E3300B205DA /* PageViewModel.swift in Sources */ = {isa = PBXBuildFile; fileRef = 3C0BA8B62AA23E3300B205DA /* PageViewModel.swift */; };
		3C0BA8C12AA23E3300B205DA /* GreetingView.swift in Sources */ = {isa = PBXBuildFile; fileRef = 3C0BA8B82AA23E3300B205DA /* GreetingView.swift */; };
		3C0BA8C22AA23E3300B205DA /* OnboardingButtonView.swift in Sources */ = {isa = PBXBuildFile; fileRef = 3C0BA8B92AA23E3300B205DA /* OnboardingButtonView.swift */; };
		3C0BA8C32AA23E3300B205DA /* AboutTextView.swift in Sources */ = {isa = PBXBuildFile; fileRef = 3C0BA8BA2AA23E3300B205DA /* AboutTextView.swift */; };
		3C0BA8C42AA23E3300B205DA /* PageIndicatorView.swift in Sources */ = {isa = PBXBuildFile; fileRef = 3C0BA8BB2AA23E3300B205DA /* PageIndicatorView.swift */; };
		3C0BA8C52AA23E3300B205DA /* PageControlView.swift in Sources */ = {isa = PBXBuildFile; fileRef = 3C0BA8BD2AA23E3300B205DA /* PageControlView.swift */; };
		3C0BA8C62AA23E3300B205DA /* IntroduceView.swift in Sources */ = {isa = PBXBuildFile; fileRef = 3C0BA8BE2AA23E3300B205DA /* IntroduceView.swift */; };
		3C7C0C382A9D76E000E2E5B3 /* CategoryViewCell.swift in Sources */ = {isa = PBXBuildFile; fileRef = 3C7C0C372A9D76E000E2E5B3 /* CategoryViewCell.swift */; };
		3C7C0C3A2A9E72D200E2E5B3 /* ProfileView.swift in Sources */ = {isa = PBXBuildFile; fileRef = 3C7C0C392A9E72D200E2E5B3 /* ProfileView.swift */; };
		3C7C0C3E2A9E953A00E2E5B3 /* ProfileHeaderView.swift in Sources */ = {isa = PBXBuildFile; fileRef = 3C7C0C3D2A9E953A00E2E5B3 /* ProfileHeaderView.swift */; };
		3C7C0C402A9E954E00E2E5B3 /* RecipesCardView.swift in Sources */ = {isa = PBXBuildFile; fileRef = 3C7C0C3F2A9E954E00E2E5B3 /* RecipesCardView.swift */; };
		3C82404F2AA50ED5002048B3 /* GreetingContent.swift in Sources */ = {isa = PBXBuildFile; fileRef = 3C82404E2AA50ED5002048B3 /* GreetingContent.swift */; };
		3C8240512AA50F19002048B3 /* BackgroundImage.swift in Sources */ = {isa = PBXBuildFile; fileRef = 3C8240502AA50F19002048B3 /* BackgroundImage.swift */; };
		3C8240532AA50F3D002048B3 /* TopContent.swift in Sources */ = {isa = PBXBuildFile; fileRef = 3C8240522AA50F3D002048B3 /* TopContent.swift */; };
		3C9352F72A9D529500022170 /* ViewRouter.swift in Sources */ = {isa = PBXBuildFile; fileRef = 3C9352F62A9D529500022170 /* ViewRouter.swift */; };
		3C9352FB2A9D539500022170 /* TabBarIcon.swift in Sources */ = {isa = PBXBuildFile; fileRef = 3C9352FA2A9D539500022170 /* TabBarIcon.swift */; };
		3C9352FD2A9D5FE900022170 /* TabBarCustomShape.swift in Sources */ = {isa = PBXBuildFile; fileRef = 3C9352FC2A9D5FE900022170 /* TabBarCustomShape.swift */; };
		3C9352FF2A9D60EA00022170 /* TabBar.swift in Sources */ = {isa = PBXBuildFile; fileRef = 3C9352FE2A9D60EA00022170 /* TabBar.swift */; };
		6F02707E2A9F88FE00A57D83 /* mockData.json in Resources */ = {isa = PBXBuildFile; fileRef = 6F02707D2A9F88FE00A57D83 /* mockData.json */; };
		6F464A1D2A9F59BF005C2002 /* API_Key.swift in Sources */ = {isa = PBXBuildFile; fileRef = 6F464A172A9F59BF005C2002 /* API_Key.swift */; };
		6F464A1E2A9F59BF005C2002 /* TEST.swift in Sources */ = {isa = PBXBuildFile; fileRef = 6F464A182A9F59BF005C2002 /* TEST.swift */; };
		6F464A1F2A9F59BF005C2002 /* NetworkManager.swift in Sources */ = {isa = PBXBuildFile; fileRef = 6F464A192A9F59BF005C2002 /* NetworkManager.swift */; };
		6F464A202A9F59BF005C2002 /* API_Testing_View.swift in Sources */ = {isa = PBXBuildFile; fileRef = 6F464A1A2A9F59BF005C2002 /* API_Testing_View.swift */; };
		6F464A212A9F59BF005C2002 /* API_Testing_View2nd.swift in Sources */ = {isa = PBXBuildFile; fileRef = 6F464A1B2A9F59BF005C2002 /* API_Testing_View2nd.swift */; };
		6F464A222A9F59BF005C2002 /* RecipeModel.swift in Sources */ = {isa = PBXBuildFile; fileRef = 6F464A1C2A9F59BF005C2002 /* RecipeModel.swift */; };
		FD03F12C2AA6568E0018CC16 /* RecipeScreenViewModel.swift in Sources */ = {isa = PBXBuildFile; fileRef = FD03F12B2AA6568E0018CC16 /* RecipeScreenViewModel.swift */; };
		FD4A5B942AA78A8400A95F16 /* DishImageStack.swift in Sources */ = {isa = PBXBuildFile; fileRef = FD4A5B932AA78A8400A95F16 /* DishImageStack.swift */; };
		FD4E9B5D2AA3A4C00093B68A /* CustomToolbarModifier.swift in Sources */ = {isa = PBXBuildFile; fileRef = FD4E9B5C2AA3A4C00093B68A /* CustomToolbarModifier.swift */; };
		FD5C1D442AA792E2001A7DA0 /* CategoryViewModel.swift in Sources */ = {isa = PBXBuildFile; fileRef = FD5C1D432AA792E2001A7DA0 /* CategoryViewModel.swift */; };
		FD5C6F222A9E1A1600B5CAF1 /* FavoriteScreenView.swift in Sources */ = {isa = PBXBuildFile; fileRef = FD5C6F212A9E1A1600B5CAF1 /* FavoriteScreenView.swift */; };
		FD67B6952A9E07BF0063D631 /* PopularCousinItem.swift in Sources */ = {isa = PBXBuildFile; fileRef = FD67B68A2A9E07BF0063D631 /* PopularCousinItem.swift */; };
		FD67B6962A9E07BF0063D631 /* TrendingItemView.swift in Sources */ = {isa = PBXBuildFile; fileRef = FD67B68B2A9E07BF0063D631 /* TrendingItemView.swift */; };
		FD67B6972A9E07BF0063D631 /* BookmarkView.swift in Sources */ = {isa = PBXBuildFile; fileRef = FD67B68C2A9E07BF0063D631 /* BookmarkView.swift */; };
		FD67B6982A9E07BF0063D631 /* HeaderTitleView.swift in Sources */ = {isa = PBXBuildFile; fileRef = FD67B68D2A9E07BF0063D631 /* HeaderTitleView.swift */; };
		FD67B6992A9E07BF0063D631 /* SearchBarView.swift in Sources */ = {isa = PBXBuildFile; fileRef = FD67B68E2A9E07BF0063D631 /* SearchBarView.swift */; };
		FD67B69A2A9E07BF0063D631 /* RecentRecipeItem.swift in Sources */ = {isa = PBXBuildFile; fileRef = FD67B68F2A9E07BF0063D631 /* RecentRecipeItem.swift */; };
		FD67B69B2A9E07BF0063D631 /* CategorySegmentedView.swift in Sources */ = {isa = PBXBuildFile; fileRef = FD67B6902A9E07BF0063D631 /* CategorySegmentedView.swift */; };
		FD67B69C2A9E07BF0063D631 /* PopularCategoryItem.swift in Sources */ = {isa = PBXBuildFile; fileRef = FD67B6912A9E07BF0063D631 /* PopularCategoryItem.swift */; };
		FD67B69D2A9E07BF0063D631 /* MainScreenView.swift in Sources */ = {isa = PBXBuildFile; fileRef = FD67B6922A9E07BF0063D631 /* MainScreenView.swift */; };
		FD67B69E2A9E07BF0063D631 /* ImageLoaderView.swift in Sources */ = {isa = PBXBuildFile; fileRef = FD67B6942A9E07BF0063D631 /* ImageLoaderView.swift */; };
		FDA6EEC02AA371A80069936A /* MainScreenViewModel.swift in Sources */ = {isa = PBXBuildFile; fileRef = FDA6EEBF2AA371A80069936A /* MainScreenViewModel.swift */; };
		FDBCA81A2AA25EC600481DDE /* RecipeScreenView.swift in Sources */ = {isa = PBXBuildFile; fileRef = FDBCA8172AA25EC600481DDE /* RecipeScreenView.swift */; };
		FDBCA81B2AA25EC600481DDE /* IngredientRowView.swift in Sources */ = {isa = PBXBuildFile; fileRef = FDBCA8192AA25EC600481DDE /* IngredientRowView.swift */; };
		FDEADAB02AA6197900BD4548 /* DataProvider.swift in Sources */ = {isa = PBXBuildFile; fileRef = FDEADAAF2AA6197900BD4548 /* DataProvider.swift */; };
		FDEADAB22AA6273100BD4548 /* FavoriteScreenViewModel.swift in Sources */ = {isa = PBXBuildFile; fileRef = FDEADAB12AA6273100BD4548 /* FavoriteScreenViewModel.swift */; };
/* End PBXBuildFile section */

/* Begin PBXFileReference section */
		109502FC2A9D6CE90035403F /* Bundle + ext.swift */ = {isa = PBXFileReference; lastKnownFileType = sourcecode.swift; path = "Bundle + ext.swift"; sourceTree = "<group>"; };
		10AD2C282AA2944400ECB79B /* PhotoPicker.swift */ = {isa = PBXFileReference; lastKnownFileType = sourcecode.swift; path = PhotoPicker.swift; sourceTree = "<group>"; };
		10DD753C2AA5124A000CBBA2 /* URLComponents.swift */ = {isa = PBXFileReference; lastKnownFileType = sourcecode.swift; path = URLComponents.swift; sourceTree = "<group>"; };
		10E623FC2A9B9427005BD5DA /* FunnyYummy.app */ = {isa = PBXFileReference; explicitFileType = wrapper.application; includeInIndex = 0; path = FunnyYummy.app; sourceTree = BUILT_PRODUCTS_DIR; };
		10E623FF2A9B9427005BD5DA /* FunnyYummyApp.swift */ = {isa = PBXFileReference; lastKnownFileType = sourcecode.swift; path = FunnyYummyApp.swift; sourceTree = "<group>"; };
		10E624012A9B9427005BD5DA /* ContentView.swift */ = {isa = PBXFileReference; lastKnownFileType = sourcecode.swift; path = ContentView.swift; sourceTree = "<group>"; };
		10E624032A9B9428005BD5DA /* Assets.xcassets */ = {isa = PBXFileReference; lastKnownFileType = folder.assetcatalog; path = Assets.xcassets; sourceTree = "<group>"; };
		10E624062A9B9428005BD5DA /* Preview Assets.xcassets */ = {isa = PBXFileReference; lastKnownFileType = folder.assetcatalog; path = "Preview Assets.xcassets"; sourceTree = "<group>"; };
		10E6240E2A9B94F4005BD5DA /* .gitignore */ = {isa = PBXFileReference; lastKnownFileType = text; path = .gitignore; sourceTree = "<group>"; };
		10E624102A9B9577005BD5DA /* README.md */ = {isa = PBXFileReference; lastKnownFileType = net.daringfireball.markdown; path = README.md; sourceTree = "<group>"; };
		2D26A0AE2A9CC4F1009A04F7 /* Color + ext.swift */ = {isa = PBXFileReference; lastKnownFileType = sourcecode.swift; path = "Color + ext.swift"; sourceTree = "<group>"; };
		2D26A0CC2A9D05D0009A04F7 /* CategoryView.swift */ = {isa = PBXFileReference; lastKnownFileType = sourcecode.swift; path = CategoryView.swift; sourceTree = "<group>"; };
		3C0BA8B42AA23E3300B205DA /* OnboardingPage.swift */ = {isa = PBXFileReference; fileEncoding = 4; lastKnownFileType = sourcecode.swift; path = OnboardingPage.swift; sourceTree = "<group>"; };
		3C0BA8B62AA23E3300B205DA /* PageViewModel.swift */ = {isa = PBXFileReference; fileEncoding = 4; lastKnownFileType = sourcecode.swift; path = PageViewModel.swift; sourceTree = "<group>"; };
		3C0BA8B82AA23E3300B205DA /* GreetingView.swift */ = {isa = PBXFileReference; fileEncoding = 4; lastKnownFileType = sourcecode.swift; path = GreetingView.swift; sourceTree = "<group>"; };
		3C0BA8B92AA23E3300B205DA /* OnboardingButtonView.swift */ = {isa = PBXFileReference; fileEncoding = 4; lastKnownFileType = sourcecode.swift; path = OnboardingButtonView.swift; sourceTree = "<group>"; };
		3C0BA8BA2AA23E3300B205DA /* AboutTextView.swift */ = {isa = PBXFileReference; fileEncoding = 4; lastKnownFileType = sourcecode.swift; path = AboutTextView.swift; sourceTree = "<group>"; };
		3C0BA8BB2AA23E3300B205DA /* PageIndicatorView.swift */ = {isa = PBXFileReference; fileEncoding = 4; lastKnownFileType = sourcecode.swift; path = PageIndicatorView.swift; sourceTree = "<group>"; };
		3C0BA8BD2AA23E3300B205DA /* PageControlView.swift */ = {isa = PBXFileReference; fileEncoding = 4; lastKnownFileType = sourcecode.swift; path = PageControlView.swift; sourceTree = "<group>"; };
		3C0BA8BE2AA23E3300B205DA /* IntroduceView.swift */ = {isa = PBXFileReference; fileEncoding = 4; lastKnownFileType = sourcecode.swift; path = IntroduceView.swift; sourceTree = "<group>"; };
		3C7C0C372A9D76E000E2E5B3 /* CategoryViewCell.swift */ = {isa = PBXFileReference; lastKnownFileType = sourcecode.swift; path = CategoryViewCell.swift; sourceTree = "<group>"; };
		3C7C0C392A9E72D200E2E5B3 /* ProfileView.swift */ = {isa = PBXFileReference; lastKnownFileType = sourcecode.swift; path = ProfileView.swift; sourceTree = "<group>"; };
		3C7C0C3D2A9E953A00E2E5B3 /* ProfileHeaderView.swift */ = {isa = PBXFileReference; lastKnownFileType = sourcecode.swift; path = ProfileHeaderView.swift; sourceTree = "<group>"; };
		3C7C0C3F2A9E954E00E2E5B3 /* RecipesCardView.swift */ = {isa = PBXFileReference; lastKnownFileType = sourcecode.swift; path = RecipesCardView.swift; sourceTree = "<group>"; };
		3C82404E2AA50ED5002048B3 /* GreetingContent.swift */ = {isa = PBXFileReference; lastKnownFileType = sourcecode.swift; path = GreetingContent.swift; sourceTree = "<group>"; };
		3C8240502AA50F19002048B3 /* BackgroundImage.swift */ = {isa = PBXFileReference; lastKnownFileType = sourcecode.swift; path = BackgroundImage.swift; sourceTree = "<group>"; };
		3C8240522AA50F3D002048B3 /* TopContent.swift */ = {isa = PBXFileReference; lastKnownFileType = sourcecode.swift; path = TopContent.swift; sourceTree = "<group>"; };
		3C9352F62A9D529500022170 /* ViewRouter.swift */ = {isa = PBXFileReference; lastKnownFileType = sourcecode.swift; path = ViewRouter.swift; sourceTree = "<group>"; };
		3C9352FA2A9D539500022170 /* TabBarIcon.swift */ = {isa = PBXFileReference; lastKnownFileType = sourcecode.swift; path = TabBarIcon.swift; sourceTree = "<group>"; };
		3C9352FC2A9D5FE900022170 /* TabBarCustomShape.swift */ = {isa = PBXFileReference; lastKnownFileType = sourcecode.swift; path = TabBarCustomShape.swift; sourceTree = "<group>"; };
		3C9352FE2A9D60EA00022170 /* TabBar.swift */ = {isa = PBXFileReference; lastKnownFileType = sourcecode.swift; path = TabBar.swift; sourceTree = "<group>"; };
		6F02707D2A9F88FE00A57D83 /* mockData.json */ = {isa = PBXFileReference; fileEncoding = 4; lastKnownFileType = text.json; path = mockData.json; sourceTree = "<group>"; };
		6F464A172A9F59BF005C2002 /* API_Key.swift */ = {isa = PBXFileReference; fileEncoding = 4; lastKnownFileType = sourcecode.swift; path = API_Key.swift; sourceTree = "<group>"; };
		6F464A182A9F59BF005C2002 /* TEST.swift */ = {isa = PBXFileReference; fileEncoding = 4; lastKnownFileType = sourcecode.swift; path = TEST.swift; sourceTree = "<group>"; };
		6F464A192A9F59BF005C2002 /* NetworkManager.swift */ = {isa = PBXFileReference; fileEncoding = 4; lastKnownFileType = sourcecode.swift; path = NetworkManager.swift; sourceTree = "<group>"; };
		6F464A1A2A9F59BF005C2002 /* API_Testing_View.swift */ = {isa = PBXFileReference; fileEncoding = 4; lastKnownFileType = sourcecode.swift; path = API_Testing_View.swift; sourceTree = "<group>"; };
		6F464A1B2A9F59BF005C2002 /* API_Testing_View2nd.swift */ = {isa = PBXFileReference; fileEncoding = 4; lastKnownFileType = sourcecode.swift; path = API_Testing_View2nd.swift; sourceTree = "<group>"; };
		6F464A1C2A9F59BF005C2002 /* RecipeModel.swift */ = {isa = PBXFileReference; fileEncoding = 4; lastKnownFileType = sourcecode.swift; path = RecipeModel.swift; sourceTree = "<group>"; };
		FD03F12B2AA6568E0018CC16 /* RecipeScreenViewModel.swift */ = {isa = PBXFileReference; lastKnownFileType = sourcecode.swift; path = RecipeScreenViewModel.swift; sourceTree = "<group>"; };
		FD4A5B932AA78A8400A95F16 /* DishImageStack.swift */ = {isa = PBXFileReference; lastKnownFileType = sourcecode.swift; path = DishImageStack.swift; sourceTree = "<group>"; };
		FD4E9B5C2AA3A4C00093B68A /* CustomToolbarModifier.swift */ = {isa = PBXFileReference; lastKnownFileType = sourcecode.swift; path = CustomToolbarModifier.swift; sourceTree = "<group>"; };
		FD5C1D432AA792E2001A7DA0 /* CategoryViewModel.swift */ = {isa = PBXFileReference; lastKnownFileType = sourcecode.swift; path = CategoryViewModel.swift; sourceTree = "<group>"; };
		FD5C6F212A9E1A1600B5CAF1 /* FavoriteScreenView.swift */ = {isa = PBXFileReference; lastKnownFileType = sourcecode.swift; path = FavoriteScreenView.swift; sourceTree = "<group>"; };
		FD67B68A2A9E07BF0063D631 /* PopularCousinItem.swift */ = {isa = PBXFileReference; fileEncoding = 4; lastKnownFileType = sourcecode.swift; path = PopularCousinItem.swift; sourceTree = "<group>"; };
		FD67B68B2A9E07BF0063D631 /* TrendingItemView.swift */ = {isa = PBXFileReference; fileEncoding = 4; lastKnownFileType = sourcecode.swift; path = TrendingItemView.swift; sourceTree = "<group>"; };
		FD67B68C2A9E07BF0063D631 /* BookmarkView.swift */ = {isa = PBXFileReference; fileEncoding = 4; lastKnownFileType = sourcecode.swift; path = BookmarkView.swift; sourceTree = "<group>"; };
		FD67B68D2A9E07BF0063D631 /* HeaderTitleView.swift */ = {isa = PBXFileReference; fileEncoding = 4; lastKnownFileType = sourcecode.swift; path = HeaderTitleView.swift; sourceTree = "<group>"; };
		FD67B68E2A9E07BF0063D631 /* SearchBarView.swift */ = {isa = PBXFileReference; fileEncoding = 4; lastKnownFileType = sourcecode.swift; path = SearchBarView.swift; sourceTree = "<group>"; };
		FD67B68F2A9E07BF0063D631 /* RecentRecipeItem.swift */ = {isa = PBXFileReference; fileEncoding = 4; lastKnownFileType = sourcecode.swift; path = RecentRecipeItem.swift; sourceTree = "<group>"; };
		FD67B6902A9E07BF0063D631 /* CategorySegmentedView.swift */ = {isa = PBXFileReference; fileEncoding = 4; lastKnownFileType = sourcecode.swift; path = CategorySegmentedView.swift; sourceTree = "<group>"; };
		FD67B6912A9E07BF0063D631 /* PopularCategoryItem.swift */ = {isa = PBXFileReference; fileEncoding = 4; lastKnownFileType = sourcecode.swift; path = PopularCategoryItem.swift; sourceTree = "<group>"; };
		FD67B6922A9E07BF0063D631 /* MainScreenView.swift */ = {isa = PBXFileReference; fileEncoding = 4; lastKnownFileType = sourcecode.swift; path = MainScreenView.swift; sourceTree = "<group>"; };
		FD67B6942A9E07BF0063D631 /* ImageLoaderView.swift */ = {isa = PBXFileReference; fileEncoding = 4; lastKnownFileType = sourcecode.swift; path = ImageLoaderView.swift; sourceTree = "<group>"; };
		FDA6EEBF2AA371A80069936A /* MainScreenViewModel.swift */ = {isa = PBXFileReference; fileEncoding = 4; lastKnownFileType = sourcecode.swift; path = MainScreenViewModel.swift; sourceTree = "<group>"; };
		FDBCA8172AA25EC600481DDE /* RecipeScreenView.swift */ = {isa = PBXFileReference; fileEncoding = 4; lastKnownFileType = sourcecode.swift; path = RecipeScreenView.swift; sourceTree = "<group>"; };
		FDBCA8192AA25EC600481DDE /* IngredientRowView.swift */ = {isa = PBXFileReference; fileEncoding = 4; lastKnownFileType = sourcecode.swift; path = IngredientRowView.swift; sourceTree = "<group>"; };
		FDEADAAF2AA6197900BD4548 /* DataProvider.swift */ = {isa = PBXFileReference; lastKnownFileType = sourcecode.swift; path = DataProvider.swift; sourceTree = "<group>"; };
		FDEADAB12AA6273100BD4548 /* FavoriteScreenViewModel.swift */ = {isa = PBXFileReference; lastKnownFileType = sourcecode.swift; path = FavoriteScreenViewModel.swift; sourceTree = "<group>"; };
/* End PBXFileReference section */

/* Begin PBXFrameworksBuildPhase section */
		10E623F92A9B9427005BD5DA /* Frameworks */ = {
			isa = PBXFrameworksBuildPhase;
			buildActionMask = 2147483647;
			files = (
			);
			runOnlyForDeploymentPostprocessing = 0;
		};
/* End PBXFrameworksBuildPhase section */

/* Begin PBXGroup section */
		100226782AA3625100CA02B7 /* Source */ = {
			isa = PBXGroup;
			children = (
				6F02707D2A9F88FE00A57D83 /* mockData.json */,
			);
			path = Source;
			sourceTree = "<group>";
		};
		10AE30732AA81C7600DEAA06 /* ViewModel */ = {
			isa = PBXGroup;
			children = (
				FD5C1D432AA792E2001A7DA0 /* CategoryViewModel.swift */,
			);
			path = ViewModel;
			sourceTree = "<group>";
		};
		10E623F32A9B9427005BD5DA = {
			isa = PBXGroup;
			children = (
				10E624102A9B9577005BD5DA /* README.md */,
				10E6240E2A9B94F4005BD5DA /* .gitignore */,
				10E623FE2A9B9427005BD5DA /* FunnyYummy */,
				10E623FD2A9B9427005BD5DA /* Products */,
			);
			sourceTree = "<group>";
		};
		10E623FD2A9B9427005BD5DA /* Products */ = {
			isa = PBXGroup;
			children = (
				10E623FC2A9B9427005BD5DA /* FunnyYummy.app */,
			);
			name = Products;
			sourceTree = "<group>";
		};
		10E623FE2A9B9427005BD5DA /* FunnyYummy */ = {
			isa = PBXGroup;
			children = (
				10E623FF2A9B9427005BD5DA /* FunnyYummyApp.swift */,
				10E624012A9B9427005BD5DA /* ContentView.swift */,
				3C0BA8A22AA22D5B00B205DA /* OnboardingScreen */,
				FD67B6872A9E07BF0063D631 /* MainScreen */,
				FD5C6F202A9E19F400B5CAF1 /* FavoriteScreen */,
				3C7C0C362A9D76CB00E2E5B3 /* CategoryView */,
				FDBCA8162AA25EC600481DDE /* RecipeScreen */,
				3C7C0C3B2A9E72D800E2E5B3 /* ProfileView */,
				3C9352F82A9D529800022170 /* TabBar */,
				FD67B6932A9E07BF0063D631 /* Services */,
				10E624032A9B9428005BD5DA /* Assets.xcassets */,
				3C7C0C352A9D747D00E2E5B3 /* Extensions */,
				10E624052A9B9428005BD5DA /* Preview Content */,
				100226782AA3625100CA02B7 /* Source */,
				6F02707F2A9F8E4500A57D83 /* FOR_TESTING */,
			);
			path = FunnyYummy;
			sourceTree = "<group>";
		};
		10E624052A9B9428005BD5DA /* Preview Content */ = {
			isa = PBXGroup;
			children = (
				10E624062A9B9428005BD5DA /* Preview Assets.xcassets */,
			);
			path = "Preview Content";
			sourceTree = "<group>";
		};
		3C0BA8A22AA22D5B00B205DA /* OnboardingScreen */ = {
			isa = PBXGroup;
			children = (
				3C0BA8B72AA23E3300B205DA /* Components */,
				3C0BA8B32AA23E3300B205DA /* Models */,
				3C0BA8B52AA23E3300B205DA /* ViewModel */,
				3C0BA8BC2AA23E3300B205DA /* Views */,
			);
			path = OnboardingScreen;
			sourceTree = "<group>";
		};
		3C0BA8B32AA23E3300B205DA /* Models */ = {
			isa = PBXGroup;
			children = (
				3C0BA8B42AA23E3300B205DA /* OnboardingPage.swift */,
			);
			path = Models;
			sourceTree = "<group>";
		};
		3C0BA8B52AA23E3300B205DA /* ViewModel */ = {
			isa = PBXGroup;
			children = (
				3C0BA8B62AA23E3300B205DA /* PageViewModel.swift */,
			);
			path = ViewModel;
			sourceTree = "<group>";
		};
		3C0BA8B72AA23E3300B205DA /* Components */ = {
			isa = PBXGroup;
			children = (
				3C0BA8B92AA23E3300B205DA /* OnboardingButtonView.swift */,
				3C0BA8BA2AA23E3300B205DA /* AboutTextView.swift */,
				3C0BA8BB2AA23E3300B205DA /* PageIndicatorView.swift */,
				3C82404E2AA50ED5002048B3 /* GreetingContent.swift */,
				3C8240502AA50F19002048B3 /* BackgroundImage.swift */,
				3C8240522AA50F3D002048B3 /* TopContent.swift */,
			);
			path = Components;
			sourceTree = "<group>";
		};
		3C0BA8BC2AA23E3300B205DA /* Views */ = {
			isa = PBXGroup;
			children = (
				3C0BA8BD2AA23E3300B205DA /* PageControlView.swift */,
				3C0BA8B82AA23E3300B205DA /* GreetingView.swift */,
				3C0BA8BE2AA23E3300B205DA /* IntroduceView.swift */,
			);
			path = Views;
			sourceTree = "<group>";
		};
		3C7C0C352A9D747D00E2E5B3 /* Extensions */ = {
			isa = PBXGroup;
			children = (
				2D26A0AE2A9CC4F1009A04F7 /* Color + ext.swift */,
				109502FC2A9D6CE90035403F /* Bundle + ext.swift */,
			);
			path = Extensions;
			sourceTree = "<group>";
		};
		3C7C0C362A9D76CB00E2E5B3 /* CategoryView */ = {
			isa = PBXGroup;
			children = (
				10AE30732AA81C7600DEAA06 /* ViewModel */,
				2D26A0CC2A9D05D0009A04F7 /* CategoryView.swift */,
				3C7C0C372A9D76E000E2E5B3 /* CategoryViewCell.swift */,
			);
			path = CategoryView;
			sourceTree = "<group>";
		};
		3C7C0C3B2A9E72D800E2E5B3 /* ProfileView */ = {
			isa = PBXGroup;
			children = (
				3C7C0C392A9E72D200E2E5B3 /* ProfileView.swift */,
				3C7C0C3C2A9E72EB00E2E5B3 /* Components */,
			);
			path = ProfileView;
			sourceTree = "<group>";
		};
		3C7C0C3C2A9E72EB00E2E5B3 /* Components */ = {
			isa = PBXGroup;
			children = (
				3C7C0C3D2A9E953A00E2E5B3 /* ProfileHeaderView.swift */,
				3C7C0C3F2A9E954E00E2E5B3 /* RecipesCardView.swift */,
			);
			path = Components;
			sourceTree = "<group>";
		};
		3C9352F82A9D529800022170 /* TabBar */ = {
			isa = PBXGroup;
			children = (
				3C9352FE2A9D60EA00022170 /* TabBar.swift */,
				3C9352F92A9D538400022170 /* Components */,
			);
			path = TabBar;
			sourceTree = "<group>";
		};
		3C9352F92A9D538400022170 /* Components */ = {
			isa = PBXGroup;
			children = (
				3C9352FA2A9D539500022170 /* TabBarIcon.swift */,
				3C9352FC2A9D5FE900022170 /* TabBarCustomShape.swift */,
			);
			path = Components;
			sourceTree = "<group>";
		};
		6F02707F2A9F8E4500A57D83 /* FOR_TESTING */ = {
			isa = PBXGroup;
			children = (
				6F464A1A2A9F59BF005C2002 /* API_Testing_View.swift */,
				6F464A1B2A9F59BF005C2002 /* API_Testing_View2nd.swift */,
				6F464A182A9F59BF005C2002 /* TEST.swift */,
			);
			path = FOR_TESTING;
			sourceTree = "<group>";
		};
		6F464A162A9F59BF005C2002 /* API */ = {
			isa = PBXGroup;
			children = (
				6F464A172A9F59BF005C2002 /* API_Key.swift */,
				6F464A192A9F59BF005C2002 /* NetworkManager.swift */,
				6F464A1C2A9F59BF005C2002 /* RecipeModel.swift */,
				10DD753C2AA5124A000CBBA2 /* URLComponents.swift */,
			);
			path = API;
			sourceTree = "<group>";
		};
		FD4E9B5B2AA3A4A40093B68A /* Modifiers */ = {
			isa = PBXGroup;
			children = (
				FD4E9B5C2AA3A4C00093B68A /* CustomToolbarModifier.swift */,
			);
			path = Modifiers;
			sourceTree = "<group>";
		};
		FD5C6F202A9E19F400B5CAF1 /* FavoriteScreen */ = {
			isa = PBXGroup;
			children = (
				FD5C6F212A9E1A1600B5CAF1 /* FavoriteScreenView.swift */,
				FDEADAB12AA6273100BD4548 /* FavoriteScreenViewModel.swift */,
			);
			path = FavoriteScreen;
			sourceTree = "<group>";
		};
		FD67B6872A9E07BF0063D631 /* MainScreen */ = {
			isa = PBXGroup;
			children = (
				FD67B6922A9E07BF0063D631 /* MainScreenView.swift */,
				FDA6EEBE2AA371A80069936A /* ViewModels */,
				FD67B6892A9E07BF0063D631 /* Components */,
			);
			name = MainScreen;
			path = FunnyYummy/MainScreen;
			sourceTree = SOURCE_ROOT;
		};
		FD67B6892A9E07BF0063D631 /* Components */ = {
			isa = PBXGroup;
			children = (
				FD4E9B5B2AA3A4A40093B68A /* Modifiers */,
				FD67B68A2A9E07BF0063D631 /* PopularCousinItem.swift */,
				FD67B68B2A9E07BF0063D631 /* TrendingItemView.swift */,
				FD67B68C2A9E07BF0063D631 /* BookmarkView.swift */,
				FD67B68D2A9E07BF0063D631 /* HeaderTitleView.swift */,
				FD67B68E2A9E07BF0063D631 /* SearchBarView.swift */,
				FD67B68F2A9E07BF0063D631 /* RecentRecipeItem.swift */,
				FD67B6902A9E07BF0063D631 /* CategorySegmentedView.swift */,
				FD67B6912A9E07BF0063D631 /* PopularCategoryItem.swift */,
			);
			path = Components;
			sourceTree = "<group>";
		};
		FD67B6932A9E07BF0063D631 /* Services */ = {
			isa = PBXGroup;
			children = (
				FD998DF52AA387F900D09712 /* DataManager */,
				6F464A162A9F59BF005C2002 /* API */,
				3C9352F62A9D529500022170 /* ViewRouter.swift */,
				FD67B6942A9E07BF0063D631 /* ImageLoaderView.swift */,
				10AD2C282AA2944400ECB79B /* PhotoPicker.swift */,
			);
			path = Services;
			sourceTree = "<group>";
		};
		FD998DF52AA387F900D09712 /* DataManager */ = {
			isa = PBXGroup;
			children = (
				FDEADAAF2AA6197900BD4548 /* DataProvider.swift */,
			);
			path = DataManager;
			sourceTree = "<group>";
		};
		FDA6EEBE2AA371A80069936A /* ViewModels */ = {
			isa = PBXGroup;
			children = (
				FDA6EEBF2AA371A80069936A /* MainScreenViewModel.swift */,
			);
			path = ViewModels;
			sourceTree = "<group>";
		};
		FDBCA8162AA25EC600481DDE /* RecipeScreen */ = {
			isa = PBXGroup;
			children = (
				FDBCA8172AA25EC600481DDE /* RecipeScreenView.swift */,
				FD03F12B2AA6568E0018CC16 /* RecipeScreenViewModel.swift */,
				FDBCA8182AA25EC600481DDE /* Components */,
			);
			name = RecipeScreen;
			path = FunnyYummy/RecipeScreen;
			sourceTree = SOURCE_ROOT;
		};
		FDBCA8182AA25EC600481DDE /* Components */ = {
			isa = PBXGroup;
			children = (
				FDBCA8192AA25EC600481DDE /* IngredientRowView.swift */,
				FD4A5B932AA78A8400A95F16 /* DishImageStack.swift */,
			);
			path = Components;
			sourceTree = "<group>";
		};
/* End PBXGroup section */

/* Begin PBXNativeTarget section */
		10E623FB2A9B9427005BD5DA /* FunnyYummy */ = {
			isa = PBXNativeTarget;
			buildConfigurationList = 10E6240A2A9B9428005BD5DA /* Build configuration list for PBXNativeTarget "FunnyYummy" */;
			buildPhases = (
				10E623F82A9B9427005BD5DA /* Sources */,
				10E623F92A9B9427005BD5DA /* Frameworks */,
				10E623FA2A9B9427005BD5DA /* Resources */,
			);
			buildRules = (
			);
			dependencies = (
			);
			name = FunnyYummy;
			productName = FunnyYummy;
			productReference = 10E623FC2A9B9427005BD5DA /* FunnyYummy.app */;
			productType = "com.apple.product-type.application";
		};
/* End PBXNativeTarget section */

/* Begin PBXProject section */
		10E623F42A9B9427005BD5DA /* Project object */ = {
			isa = PBXProject;
			attributes = {
				BuildIndependentTargetsInParallel = 1;
				LastSwiftUpdateCheck = 1430;
				LastUpgradeCheck = 1430;
				TargetAttributes = {
					10E623FB2A9B9427005BD5DA = {
						CreatedOnToolsVersion = 14.3.1;
					};
				};
			};
			buildConfigurationList = 10E623F72A9B9427005BD5DA /* Build configuration list for PBXProject "FunnyYummy" */;
			compatibilityVersion = "Xcode 14.0";
			developmentRegion = en;
			hasScannedForEncodings = 0;
			knownRegions = (
				en,
				Base,
			);
			mainGroup = 10E623F32A9B9427005BD5DA;
			productRefGroup = 10E623FD2A9B9427005BD5DA /* Products */;
			projectDirPath = "";
			projectRoot = "";
			targets = (
				10E623FB2A9B9427005BD5DA /* FunnyYummy */,
			);
		};
/* End PBXProject section */

/* Begin PBXResourcesBuildPhase section */
		10E623FA2A9B9427005BD5DA /* Resources */ = {
			isa = PBXResourcesBuildPhase;
			buildActionMask = 2147483647;
			files = (
				10E624072A9B9428005BD5DA /* Preview Assets.xcassets in Resources */,
				6F02707E2A9F88FE00A57D83 /* mockData.json in Resources */,
				10E6240F2A9B94F4005BD5DA /* .gitignore in Resources */,
				10E624042A9B9428005BD5DA /* Assets.xcassets in Resources */,
			);
			runOnlyForDeploymentPostprocessing = 0;
		};
/* End PBXResourcesBuildPhase section */

/* Begin PBXSourcesBuildPhase section */
		10E623F82A9B9427005BD5DA /* Sources */ = {
			isa = PBXSourcesBuildPhase;
			buildActionMask = 2147483647;
			files = (
				FDEADAB22AA6273100BD4548 /* FavoriteScreenViewModel.swift in Sources */,
				FD67B69C2A9E07BF0063D631 /* PopularCategoryItem.swift in Sources */,
				FD5C6F222A9E1A1600B5CAF1 /* FavoriteScreenView.swift in Sources */,
				FD4E9B5D2AA3A4C00093B68A /* CustomToolbarModifier.swift in Sources */,
				3C8240512AA50F19002048B3 /* BackgroundImage.swift in Sources */,
				2D26A0AF2A9CC4F1009A04F7 /* Color + ext.swift in Sources */,
				FD67B69D2A9E07BF0063D631 /* MainScreenView.swift in Sources */,
				FD67B6952A9E07BF0063D631 /* PopularCousinItem.swift in Sources */,
				3C0BA8C52AA23E3300B205DA /* PageControlView.swift in Sources */,
				3C0BA8C32AA23E3300B205DA /* AboutTextView.swift in Sources */,
				FD67B6982A9E07BF0063D631 /* HeaderTitleView.swift in Sources */,
				3C9352FB2A9D539500022170 /* TabBarIcon.swift in Sources */,
				3C9352FD2A9D5FE900022170 /* TabBarCustomShape.swift in Sources */,
				109502FD2A9D6CE90035403F /* Bundle + ext.swift in Sources */,
				3C82404F2AA50ED5002048B3 /* GreetingContent.swift in Sources */,
				6F464A1E2A9F59BF005C2002 /* TEST.swift in Sources */,
				FD67B6972A9E07BF0063D631 /* BookmarkView.swift in Sources */,
				3C7C0C382A9D76E000E2E5B3 /* CategoryViewCell.swift in Sources */,
				FD67B6962A9E07BF0063D631 /* TrendingItemView.swift in Sources */,
				FDEADAB02AA6197900BD4548 /* DataProvider.swift in Sources */,
				3C0BA8C12AA23E3300B205DA /* GreetingView.swift in Sources */,
				3C0BA8C62AA23E3300B205DA /* IntroduceView.swift in Sources */,
				FD67B69A2A9E07BF0063D631 /* RecentRecipeItem.swift in Sources */,
				3C8240532AA50F3D002048B3 /* TopContent.swift in Sources */,
				FD03F12C2AA6568E0018CC16 /* RecipeScreenViewModel.swift in Sources */,
				6F464A212A9F59BF005C2002 /* API_Testing_View2nd.swift in Sources */,
				6F464A1F2A9F59BF005C2002 /* NetworkManager.swift in Sources */,
				3C0BA8C22AA23E3300B205DA /* OnboardingButtonView.swift in Sources */,
				3C0BA8C42AA23E3300B205DA /* PageIndicatorView.swift in Sources */,
				3C7C0C402A9E954E00E2E5B3 /* RecipesCardView.swift in Sources */,
				10AD2C292AA2944400ECB79B /* PhotoPicker.swift in Sources */,
				3C0BA8BF2AA23E3300B205DA /* OnboardingPage.swift in Sources */,
				FD4A5B942AA78A8400A95F16 /* DishImageStack.swift in Sources */,
				6F464A222A9F59BF005C2002 /* RecipeModel.swift in Sources */,
				10E624022A9B9427005BD5DA /* ContentView.swift in Sources */,
				3C7C0C3E2A9E953A00E2E5B3 /* ProfileHeaderView.swift in Sources */,
				FD67B69E2A9E07BF0063D631 /* ImageLoaderView.swift in Sources */,
				FDA6EEC02AA371A80069936A /* MainScreenViewModel.swift in Sources */,
				FD67B6992A9E07BF0063D631 /* SearchBarView.swift in Sources */,
				FDBCA81A2AA25EC600481DDE /* RecipeScreenView.swift in Sources */,
				3C0BA8C02AA23E3300B205DA /* PageViewModel.swift in Sources */,
				FD67B69B2A9E07BF0063D631 /* CategorySegmentedView.swift in Sources */,
				2D26A0CD2A9D05D0009A04F7 /* CategoryView.swift in Sources */,
				6F464A202A9F59BF005C2002 /* API_Testing_View.swift in Sources */,
				10E624002A9B9427005BD5DA /* FunnyYummyApp.swift in Sources */,
				3C9352F72A9D529500022170 /* ViewRouter.swift in Sources */,
				3C7C0C3A2A9E72D200E2E5B3 /* ProfileView.swift in Sources */,
				3C9352FF2A9D60EA00022170 /* TabBar.swift in Sources */,
				FD5C1D442AA792E2001A7DA0 /* CategoryViewModel.swift in Sources */,
				10DD753D2AA5124A000CBBA2 /* URLComponents.swift in Sources */,
				FDBCA81B2AA25EC600481DDE /* IngredientRowView.swift in Sources */,
				6F464A1D2A9F59BF005C2002 /* API_Key.swift in Sources */,
			);
			runOnlyForDeploymentPostprocessing = 0;
		};
/* End PBXSourcesBuildPhase section */

/* Begin XCBuildConfiguration section */
		10E624082A9B9428005BD5DA /* Debug */ = {
			isa = XCBuildConfiguration;
			buildSettings = {
				ALWAYS_SEARCH_USER_PATHS = NO;
				CLANG_ANALYZER_NONNULL = YES;
				CLANG_ANALYZER_NUMBER_OBJECT_CONVERSION = YES_AGGRESSIVE;
				CLANG_CXX_LANGUAGE_STANDARD = "gnu++20";
				CLANG_ENABLE_MODULES = YES;
				CLANG_ENABLE_OBJC_ARC = YES;
				CLANG_ENABLE_OBJC_WEAK = YES;
				CLANG_WARN_BLOCK_CAPTURE_AUTORELEASING = YES;
				CLANG_WARN_BOOL_CONVERSION = YES;
				CLANG_WARN_COMMA = YES;
				CLANG_WARN_CONSTANT_CONVERSION = YES;
				CLANG_WARN_DEPRECATED_OBJC_IMPLEMENTATIONS = YES;
				CLANG_WARN_DIRECT_OBJC_ISA_USAGE = YES_ERROR;
				CLANG_WARN_DOCUMENTATION_COMMENTS = YES;
				CLANG_WARN_EMPTY_BODY = YES;
				CLANG_WARN_ENUM_CONVERSION = YES;
				CLANG_WARN_INFINITE_RECURSION = YES;
				CLANG_WARN_INT_CONVERSION = YES;
				CLANG_WARN_NON_LITERAL_NULL_CONVERSION = YES;
				CLANG_WARN_OBJC_IMPLICIT_RETAIN_SELF = YES;
				CLANG_WARN_OBJC_LITERAL_CONVERSION = YES;
				CLANG_WARN_OBJC_ROOT_CLASS = YES_ERROR;
				CLANG_WARN_QUOTED_INCLUDE_IN_FRAMEWORK_HEADER = YES;
				CLANG_WARN_RANGE_LOOP_ANALYSIS = YES;
				CLANG_WARN_STRICT_PROTOTYPES = YES;
				CLANG_WARN_SUSPICIOUS_MOVE = YES;
				CLANG_WARN_UNGUARDED_AVAILABILITY = YES_AGGRESSIVE;
				CLANG_WARN_UNREACHABLE_CODE = YES;
				CLANG_WARN__DUPLICATE_METHOD_MATCH = YES;
				COPY_PHASE_STRIP = NO;
				DEBUG_INFORMATION_FORMAT = dwarf;
				ENABLE_STRICT_OBJC_MSGSEND = YES;
				ENABLE_TESTABILITY = YES;
				GCC_C_LANGUAGE_STANDARD = gnu11;
				GCC_DYNAMIC_NO_PIC = NO;
				GCC_NO_COMMON_BLOCKS = YES;
				GCC_OPTIMIZATION_LEVEL = 0;
				GCC_PREPROCESSOR_DEFINITIONS = (
					"DEBUG=1",
					"$(inherited)",
				);
				GCC_WARN_64_TO_32_BIT_CONVERSION = YES;
				GCC_WARN_ABOUT_RETURN_TYPE = YES_ERROR;
				GCC_WARN_UNDECLARED_SELECTOR = YES;
				GCC_WARN_UNINITIALIZED_AUTOS = YES_AGGRESSIVE;
				GCC_WARN_UNUSED_FUNCTION = YES;
				GCC_WARN_UNUSED_VARIABLE = YES;
				IPHONEOS_DEPLOYMENT_TARGET = 16.4;
				MTL_ENABLE_DEBUG_INFO = INCLUDE_SOURCE;
				MTL_FAST_MATH = YES;
				ONLY_ACTIVE_ARCH = YES;
				SDKROOT = iphoneos;
				SWIFT_ACTIVE_COMPILATION_CONDITIONS = DEBUG;
				SWIFT_OPTIMIZATION_LEVEL = "-Onone";
			};
			name = Debug;
		};
		10E624092A9B9428005BD5DA /* Release */ = {
			isa = XCBuildConfiguration;
			buildSettings = {
				ALWAYS_SEARCH_USER_PATHS = NO;
				CLANG_ANALYZER_NONNULL = YES;
				CLANG_ANALYZER_NUMBER_OBJECT_CONVERSION = YES_AGGRESSIVE;
				CLANG_CXX_LANGUAGE_STANDARD = "gnu++20";
				CLANG_ENABLE_MODULES = YES;
				CLANG_ENABLE_OBJC_ARC = YES;
				CLANG_ENABLE_OBJC_WEAK = YES;
				CLANG_WARN_BLOCK_CAPTURE_AUTORELEASING = YES;
				CLANG_WARN_BOOL_CONVERSION = YES;
				CLANG_WARN_COMMA = YES;
				CLANG_WARN_CONSTANT_CONVERSION = YES;
				CLANG_WARN_DEPRECATED_OBJC_IMPLEMENTATIONS = YES;
				CLANG_WARN_DIRECT_OBJC_ISA_USAGE = YES_ERROR;
				CLANG_WARN_DOCUMENTATION_COMMENTS = YES;
				CLANG_WARN_EMPTY_BODY = YES;
				CLANG_WARN_ENUM_CONVERSION = YES;
				CLANG_WARN_INFINITE_RECURSION = YES;
				CLANG_WARN_INT_CONVERSION = YES;
				CLANG_WARN_NON_LITERAL_NULL_CONVERSION = YES;
				CLANG_WARN_OBJC_IMPLICIT_RETAIN_SELF = YES;
				CLANG_WARN_OBJC_LITERAL_CONVERSION = YES;
				CLANG_WARN_OBJC_ROOT_CLASS = YES_ERROR;
				CLANG_WARN_QUOTED_INCLUDE_IN_FRAMEWORK_HEADER = YES;
				CLANG_WARN_RANGE_LOOP_ANALYSIS = YES;
				CLANG_WARN_STRICT_PROTOTYPES = YES;
				CLANG_WARN_SUSPICIOUS_MOVE = YES;
				CLANG_WARN_UNGUARDED_AVAILABILITY = YES_AGGRESSIVE;
				CLANG_WARN_UNREACHABLE_CODE = YES;
				CLANG_WARN__DUPLICATE_METHOD_MATCH = YES;
				COPY_PHASE_STRIP = NO;
				DEBUG_INFORMATION_FORMAT = "dwarf-with-dsym";
				ENABLE_NS_ASSERTIONS = NO;
				ENABLE_STRICT_OBJC_MSGSEND = YES;
				GCC_C_LANGUAGE_STANDARD = gnu11;
				GCC_NO_COMMON_BLOCKS = YES;
				GCC_WARN_64_TO_32_BIT_CONVERSION = YES;
				GCC_WARN_ABOUT_RETURN_TYPE = YES_ERROR;
				GCC_WARN_UNDECLARED_SELECTOR = YES;
				GCC_WARN_UNINITIALIZED_AUTOS = YES_AGGRESSIVE;
				GCC_WARN_UNUSED_FUNCTION = YES;
				GCC_WARN_UNUSED_VARIABLE = YES;
				IPHONEOS_DEPLOYMENT_TARGET = 16.4;
				MTL_ENABLE_DEBUG_INFO = NO;
				MTL_FAST_MATH = YES;
				SDKROOT = iphoneos;
				SWIFT_COMPILATION_MODE = wholemodule;
				SWIFT_OPTIMIZATION_LEVEL = "-O";
				VALIDATE_PRODUCT = YES;
			};
			name = Release;
		};
		10E6240B2A9B9428005BD5DA /* Debug */ = {
			isa = XCBuildConfiguration;
			buildSettings = {
				ASSETCATALOG_COMPILER_APPICON_NAME = AppIcon;
				ASSETCATALOG_COMPILER_GLOBAL_ACCENT_COLOR_NAME = AccentColor;
				ASSETCATALOG_COMPILER_INCLUDE_ALL_APPICON_ASSETS = YES;
				CODE_SIGN_STYLE = Automatic;
				CURRENT_PROJECT_VERSION = 1;
				DEVELOPMENT_ASSET_PATHS = "\"FunnyYummy/Preview Content\"";
				DEVELOPMENT_TEAM = A5PP5569YS;
				ENABLE_PREVIEWS = YES;
				GENERATE_INFOPLIST_FILE = YES;
				INFOPLIST_KEY_UIApplicationSceneManifest_Generation = YES;
				INFOPLIST_KEY_UIApplicationSupportsIndirectInputEvents = YES;
				INFOPLIST_KEY_UILaunchScreen_Generation = YES;
				INFOPLIST_KEY_UISupportedInterfaceOrientations = "UIInterfaceOrientationLandscapeLeft UIInterfaceOrientationLandscapeRight UIInterfaceOrientationPortrait";
				INFOPLIST_KEY_UISupportedInterfaceOrientations_iPad = "UIInterfaceOrientationLandscapeLeft UIInterfaceOrientationLandscapeRight UIInterfaceOrientationPortrait UIInterfaceOrientationPortraitUpsideDown";
				IPHONEOS_DEPLOYMENT_TARGET = 15.0;
				LD_RUNPATH_SEARCH_PATHS = (
					"$(inherited)",
					"@executable_path/Frameworks",
				);
				MARKETING_VERSION = 1.0;
				PRODUCT_BUNDLE_IDENTIFIER = com.vlgl.FunnyYummy;
				PRODUCT_NAME = "$(TARGET_NAME)";
				SUPPORTED_PLATFORMS = "iphoneos iphonesimulator";
				SUPPORTS_MACCATALYST = NO;
				SUPPORTS_MAC_DESIGNED_FOR_IPHONE_IPAD = NO;
				SWIFT_EMIT_LOC_STRINGS = YES;
				SWIFT_VERSION = 5.0;
				TARGETED_DEVICE_FAMILY = 1;
			};
			name = Debug;
		};
		10E6240C2A9B9428005BD5DA /* Release */ = {
			isa = XCBuildConfiguration;
			buildSettings = {
				ASSETCATALOG_COMPILER_APPICON_NAME = AppIcon;
				ASSETCATALOG_COMPILER_GLOBAL_ACCENT_COLOR_NAME = AccentColor;
				ASSETCATALOG_COMPILER_INCLUDE_ALL_APPICON_ASSETS = YES;
				CODE_SIGN_STYLE = Automatic;
				CURRENT_PROJECT_VERSION = 1;
				DEVELOPMENT_ASSET_PATHS = "\"FunnyYummy/Preview Content\"";
				DEVELOPMENT_TEAM = A5PP5569YS;
				ENABLE_PREVIEWS = YES;
				GENERATE_INFOPLIST_FILE = YES;
				INFOPLIST_KEY_UIApplicationSceneManifest_Generation = YES;
				INFOPLIST_KEY_UIApplicationSupportsIndirectInputEvents = YES;
				INFOPLIST_KEY_UILaunchScreen_Generation = YES;
				INFOPLIST_KEY_UISupportedInterfaceOrientations = "UIInterfaceOrientationLandscapeLeft UIInterfaceOrientationLandscapeRight UIInterfaceOrientationPortrait";
				INFOPLIST_KEY_UISupportedInterfaceOrientations_iPad = "UIInterfaceOrientationLandscapeLeft UIInterfaceOrientationLandscapeRight UIInterfaceOrientationPortrait UIInterfaceOrientationPortraitUpsideDown";
				IPHONEOS_DEPLOYMENT_TARGET = 15.0;
				LD_RUNPATH_SEARCH_PATHS = (
					"$(inherited)",
					"@executable_path/Frameworks",
				);
				MARKETING_VERSION = 1.0;
				PRODUCT_BUNDLE_IDENTIFIER = com.vlgl.FunnyYummy;
				PRODUCT_NAME = "$(TARGET_NAME)";
				SUPPORTED_PLATFORMS = "iphoneos iphonesimulator";
				SUPPORTS_MACCATALYST = NO;
				SUPPORTS_MAC_DESIGNED_FOR_IPHONE_IPAD = NO;
				SWIFT_EMIT_LOC_STRINGS = YES;
				SWIFT_VERSION = 5.0;
				TARGETED_DEVICE_FAMILY = 1;
			};
			name = Release;
		};
/* End XCBuildConfiguration section */

/* Begin XCConfigurationList section */
		10E623F72A9B9427005BD5DA /* Build configuration list for PBXProject "FunnyYummy" */ = {
			isa = XCConfigurationList;
			buildConfigurations = (
				10E624082A9B9428005BD5DA /* Debug */,
				10E624092A9B9428005BD5DA /* Release */,
			);
			defaultConfigurationIsVisible = 0;
			defaultConfigurationName = Release;
		};
		10E6240A2A9B9428005BD5DA /* Build configuration list for PBXNativeTarget "FunnyYummy" */ = {
			isa = XCConfigurationList;
			buildConfigurations = (
				10E6240B2A9B9428005BD5DA /* Debug */,
				10E6240C2A9B9428005BD5DA /* Release */,
			);
			defaultConfigurationIsVisible = 0;
			defaultConfigurationName = Release;
		};
/* End XCConfigurationList section */
	};
	rootObject = 10E623F42A9B9427005BD5DA /* Project object */;
}
